
Microsoft Visual Studio Solution File, Format Version 12.00
# Visual Studio 2012
Project("{2150E333-8FDC-42A3-9474-1A3956D46DE8}") = "10 Core", "10 Core", "{B87D4645-2566-42F9-9A69-98FC4D8B6065}"
EndProject
Project("{2150E333-8FDC-42A3-9474-1A3956D46DE8}") = "20 Service", "20 Service", "{9ACE345F-035E-4412-AB38-DA771751F757}"
EndProject
Project("{2150E333-8FDC-42A3-9474-1A3956D46DE8}") = "30 Common", "30 Common", "{C3E8624B-2C43-4A1D-B924-0FA0B4D43527}"
EndProject
Project("{2150E333-8FDC-42A3-9474-1A3956D46DE8}") = "90 Test", "90 Test", "{6445438E-1CCA-4FBF-A93B-E8C2160F0D33}"
EndProject
Project("{2150E333-8FDC-42A3-9474-1A3956D46DE8}") = "21 Entitites", "21 Entitites", "{846B98AB-FA13-4162-813C-861A6B787070}"
EndProject
Project("{2150E333-8FDC-42A3-9474-1A3956D46DE8}") = "23 Process Definition", "23 Process Definition", "{C7AFF09C-2CA6-4A46-80CE-22CA25A3529D}"
EndProject
Project("{2150E333-8FDC-42A3-9474-1A3956D46DE8}") = "22 Infrastructure Services", "22 Infrastructure Services", "{F33DB34A-5D94-451B-B1C7-FD1BB8ABB7F8}"
EndProject
Project("{2150E333-8FDC-42A3-9474-1A3956D46DE8}") = "24 Domain Services", "24 Domain Services", "{B2BD7ECD-9EDA-488E-B92A-0BF5B78E9C25}"
EndProject
Project("{2150E333-8FDC-42A3-9474-1A3956D46DE8}") = "Logistics", "Logistics", "{C6EE541D-940E-4AD9-86BF-485503449718}"
EndProject
Project("{2150E333-8FDC-42A3-9474-1A3956D46DE8}") = "Billing", "Billing", "{7ED275F9-5498-4149-ACAE-4E0570C4CF6F}"
EndProject
Project("{FAE04EC0-301F-11D3-BF4B-00C04F79EFBC}") = "Ronion.Entities", "20 Service\21 Entitites\Ronion.Entities\Ronion.Entities.csproj", "{0AACA54D-C8D9-4C99-B368-C0F6DCE5238B}"
EndProject
Project("{FAE04EC0-301F-11D3-BF4B-00C04F79EFBC}") = "Ronion.Processes", "20 Service\23 Process Definition\Ronion.Processes\Ronion.Processes.csproj", "{B5943B6E-82B1-4958-A6D0-7C357F1267E7}"
EndProject
Project("{FAE04EC0-301F-11D3-BF4B-00C04F79EFBC}") = "Ronion.Common.Base", "30 Common\Ronion.Common.Base\Ronion.Common.Base.csproj", "{5607F306-7EE2-4E81-B634-BE757DA3B2C8}"
EndProject
Project("{2150E333-8FDC-42A3-9474-1A3956D46DE8}") = "CRM", "CRM", "{89575D99-7BC6-4D73-8317-384AF4ABBEE3}"
EndProject
Project("{FAE04EC0-301F-11D3-BF4B-00C04F79EFBC}") = "Ronion.BillingContracts", "20 Service\22 Infrastructure Services\Billing\Ronion.BillingContracts\Ronion.BillingContracts.csproj", "{781B2768-3335-4ECC-AFF2-BFDC5038BAE3}"
EndProject
Project("{FAE04EC0-301F-11D3-BF4B-00C04F79EFBC}") = "Ronion.AuthorizeNetBilling", "20 Service\22 Infrastructure Services\Billing\Ronion.AuthorizeNetBilling\Ronion.AuthorizeNetBilling.csproj", "{9E763BBD-2E43-4483-8E41-CF9A5213D767}"
EndProject
Project("{FAE04EC0-301F-11D3-BF4B-00C04F79EFBC}") = "Ronion.CrmRepositoryContract", "20 Service\22 Infrastructure Services\CRM\Ronion.CrmRepositoryContract\Ronion.CrmRepositoryContract.csproj", "{21C5EEEE-6F18-411D-A15B-03A1DA220F45}"
EndProject
Project("{FAE04EC0-301F-11D3-BF4B-00C04F79EFBC}") = "Ronion.LogisticsContracts", "20 Service\22 Infrastructure Services\Logistics\Ronion.LogisticsContracts\Ronion.LogisticsContracts.csproj", "{1223C3E0-63CA-4CD2-A4C9-13591E1982E5}"
EndProject
Project("{FAE04EC0-301F-11D3-BF4B-00C04F79EFBC}") = "Ronion.UpsLogistics", "20 Service\22 Infrastructure Services\Logistics\Ronion.UpsLogistics\Ronion.UpsLogistics.csproj", "{D33B9777-A8DF-46DB-AD24-E4967BDA280F}"
EndProject
Project("{FAE04EC0-301F-11D3-BF4B-00C04F79EFBC}") = "Ronion.CrmRepository", "20 Service\22 Infrastructure Services\CRM\Ronion.CrmRepository\Ronion.CrmRepository.csproj", "{05504076-2ECF-4006-9990-37C3E7220F2F}"
EndProject
Project("{2150E333-8FDC-42A3-9474-1A3956D46DE8}") = "12 Mail Sender", "12 Mail Sender", "{8FF71C51-DD45-4900-9525-960088477EB7}"
EndProject
Project("{FAE04EC0-301F-11D3-BF4B-00C04F79EFBC}") = "Ronion.DomainServices", "20 Service\24 Domain Services\Ronion.DomainServices\Ronion.DomainServices.csproj", "{6A1AA970-6D64-4F6E-BAAE-0E1C979D015D}"
EndProject
Project("{FAE04EC0-301F-11D3-BF4B-00C04F79EFBC}") = "Ronion.DomainServicesContracts", "20 Service\24 Domain Services\Ronion.DomainServicesContracts\Ronion.DomainServicesContracts.csproj", "{F614FF51-2B5A-4F1E-B484-829F0249A08B}"
EndProject
Project("{2150E333-8FDC-42A3-9474-1A3956D46DE8}") = "11 Logger", "11 Logger", "{C9189C6A-E9D7-481E-9CF0-E1FFAFB27F4A}"
EndProject
Project("{FAE04EC0-301F-11D3-BF4B-00C04F79EFBC}") = "Ronin.MailChimp", "10 Core\12 Mail Sender\Ronin.MailChimp\Ronin.MailChimp.csproj", "{F4E72BDD-9B75-400B-B8CC-C396C90BBF8F}"
EndProject
Project("{FAE04EC0-301F-11D3-BF4B-00C04F79EFBC}") = "Ronion.MailSenderContract", "10 Core\12 Mail Sender\Ronion.MailSenderContract\Ronion.MailSenderContract.csproj", "{16E9F1FC-4929-4A45-93C9-65A689135D4E}"
EndProject
Project("{FAE04EC0-301F-11D3-BF4B-00C04F79EFBC}") = "Ronin.LoggerContract", "10 Core\11 Logger\Ronin.LoggerContract\Ronin.LoggerContract.csproj", "{E82BB394-5ECF-4F63-9EBD-DBC4A99834BA}"
EndProject
Project("{FAE04EC0-301F-11D3-BF4B-00C04F79EFBC}") = "Ronin.OutputLogger", "10 Core\11 Logger\Ronin.OutputLogger\Ronin.OutputLogger.csproj", "{4145E68E-F1EE-4C72-96C4-FABD2BE49D3A}"
EndProject
Project("{2150E333-8FDC-42A3-9474-1A3956D46DE8}") = "40 Clients", "40 Clients", "{301EF6A0-7BAB-45C2-925F-B7B0EC3A45B6}"
EndProject
Project("{FAE04EC0-301F-11D3-BF4B-00C04F79EFBC}") = "Ronion.DomainServiceInstance", "20 Service\24 Domain Services\Ronion.DomainServiceInstance\Ronion.DomainServiceInstance.csproj", "{A4870AD8-6E4E-45DF-9AE9-3760CB516A34}"
EndProject
Project("{FAE04EC0-301F-11D3-BF4B-00C04F79EFBC}") = "Ronion.BackofficeClient", "50 Api\Ronion.BackofficeClient\Ronion.BackofficeClient.csproj", "{CBE9AAAE-9A7A-4692-A3CF-51B3FD62E45C}"
EndProject
Project("{FAE04EC0-301F-11D3-BF4B-00C04F79EFBC}") = "Ronin.ConsoleLogger", "10 Core\11 Logger\Ronin.ConsoleLogger\Ronin.ConsoleLogger.csproj", "{043C2521-4EA9-4575-A69A-07B3379447F9}"
EndProject
Project("{FAE04EC0-301F-11D3-BF4B-00C04F79EFBC}") = "Ronion.WebShopClient", "40 Clients\Ronion.WebShopClient\Ronion.WebShopClient.csproj", "{012532F8-D067-4B60-9371-8AA9104CB6C3}"
EndProject
Global
	GlobalSection(SolutionConfigurationPlatforms) = preSolution
		Debug|Any CPU = Debug|Any CPU
		Release|Any CPU = Release|Any CPU
	EndGlobalSection
	GlobalSection(ProjectConfigurationPlatforms) = postSolution
		{0AACA54D-C8D9-4C99-B368-C0F6DCE5238B}.Debug|Any CPU.ActiveCfg = Debug|Any CPU
		{0AACA54D-C8D9-4C99-B368-C0F6DCE5238B}.Debug|Any CPU.Build.0 = Debug|Any CPU
		{0AACA54D-C8D9-4C99-B368-C0F6DCE5238B}.Release|Any CPU.ActiveCfg = Release|Any CPU
		{0AACA54D-C8D9-4C99-B368-C0F6DCE5238B}.Release|Any CPU.Build.0 = Release|Any CPU
		{B5943B6E-82B1-4958-A6D0-7C357F1267E7}.Debug|Any CPU.ActiveCfg = Debug|Any CPU
		{B5943B6E-82B1-4958-A6D0-7C357F1267E7}.Debug|Any CPU.Build.0 = Debug|Any CPU
		{B5943B6E-82B1-4958-A6D0-7C357F1267E7}.Release|Any CPU.ActiveCfg = Release|Any CPU
		{B5943B6E-82B1-4958-A6D0-7C357F1267E7}.Release|Any CPU.Build.0 = Release|Any CPU
		{5607F306-7EE2-4E81-B634-BE757DA3B2C8}.Debug|Any CPU.ActiveCfg = Debug|Any CPU
		{5607F306-7EE2-4E81-B634-BE757DA3B2C8}.Debug|Any CPU.Build.0 = Debug|Any CPU
		{5607F306-7EE2-4E81-B634-BE757DA3B2C8}.Release|Any CPU.ActiveCfg = Release|Any CPU
		{5607F306-7EE2-4E81-B634-BE757DA3B2C8}.Release|Any CPU.Build.0 = Release|Any CPU
		{781B2768-3335-4ECC-AFF2-BFDC5038BAE3}.Debug|Any CPU.ActiveCfg = Debug|Any CPU
		{781B2768-3335-4ECC-AFF2-BFDC5038BAE3}.Debug|Any CPU.Build.0 = Debug|Any CPU
		{781B2768-3335-4ECC-AFF2-BFDC5038BAE3}.Release|Any CPU.ActiveCfg = Release|Any CPU
		{781B2768-3335-4ECC-AFF2-BFDC5038BAE3}.Release|Any CPU.Build.0 = Release|Any CPU
		{9E763BBD-2E43-4483-8E41-CF9A5213D767}.Debug|Any CPU.ActiveCfg = Debug|Any CPU
		{9E763BBD-2E43-4483-8E41-CF9A5213D767}.Debug|Any CPU.Build.0 = Debug|Any CPU
		{9E763BBD-2E43-4483-8E41-CF9A5213D767}.Release|Any CPU.ActiveCfg = Release|Any CPU
		{9E763BBD-2E43-4483-8E41-CF9A5213D767}.Release|Any CPU.Build.0 = Release|Any CPU
		{21C5EEEE-6F18-411D-A15B-03A1DA220F45}.Debug|Any CPU.ActiveCfg = Debug|Any CPU
		{21C5EEEE-6F18-411D-A15B-03A1DA220F45}.Debug|Any CPU.Build.0 = Debug|Any CPU
		{21C5EEEE-6F18-411D-A15B-03A1DA220F45}.Release|Any CPU.ActiveCfg = Release|Any CPU
		{21C5EEEE-6F18-411D-A15B-03A1DA220F45}.Release|Any CPU.Build.0 = Release|Any CPU
		{1223C3E0-63CA-4CD2-A4C9-13591E1982E5}.Debug|Any CPU.ActiveCfg = Debug|Any CPU
		{1223C3E0-63CA-4CD2-A4C9-13591E1982E5}.Debug|Any CPU.Build.0 = Debug|Any CPU
		{1223C3E0-63CA-4CD2-A4C9-13591E1982E5}.Release|Any CPU.ActiveCfg = Release|Any CPU
		{1223C3E0-63CA-4CD2-A4C9-13591E1982E5}.Release|Any CPU.Build.0 = Release|Any CPU
		{D33B9777-A8DF-46DB-AD24-E4967BDA280F}.Debug|Any CPU.ActiveCfg = Debug|Any CPU
		{D33B9777-A8DF-46DB-AD24-E4967BDA280F}.Debug|Any CPU.Build.0 = Debug|Any CPU
		{D33B9777-A8DF-46DB-AD24-E4967BDA280F}.Release|Any CPU.ActiveCfg = Release|Any CPU
		{D33B9777-A8DF-46DB-AD24-E4967BDA280F}.Release|Any CPU.Build.0 = Release|Any CPU
		{05504076-2ECF-4006-9990-37C3E7220F2F}.Debug|Any CPU.ActiveCfg = Debug|Any CPU
		{05504076-2ECF-4006-9990-37C3E7220F2F}.Debug|Any CPU.Build.0 = Debug|Any CPU
		{05504076-2ECF-4006-9990-37C3E7220F2F}.Release|Any CPU.ActiveCfg = Release|Any CPU
		{05504076-2ECF-4006-9990-37C3E7220F2F}.Release|Any CPU.Build.0 = Release|Any CPU
		{6A1AA970-6D64-4F6E-BAAE-0E1C979D015D}.Debug|Any CPU.ActiveCfg = Debug|Any CPU
		{6A1AA970-6D64-4F6E-BAAE-0E1C979D015D}.Debug|Any CPU.Build.0 = Debug|Any CPU
		{6A1AA970-6D64-4F6E-BAAE-0E1C979D015D}.Release|Any CPU.ActiveCfg = Release|Any CPU
		{6A1AA970-6D64-4F6E-BAAE-0E1C979D015D}.Release|Any CPU.Build.0 = Release|Any CPU
		{F614FF51-2B5A-4F1E-B484-829F0249A08B}.Debug|Any CPU.ActiveCfg = Debug|Any CPU
		{F614FF51-2B5A-4F1E-B484-829F0249A08B}.Debug|Any CPU.Build.0 = Debug|Any CPU
		{F614FF51-2B5A-4F1E-B484-829F0249A08B}.Release|Any CPU.ActiveCfg = Release|Any CPU
		{F614FF51-2B5A-4F1E-B484-829F0249A08B}.Release|Any CPU.Build.0 = Release|Any CPU
		{F4E72BDD-9B75-400B-B8CC-C396C90BBF8F}.Debug|Any CPU.ActiveCfg = Debug|Any CPU
		{F4E72BDD-9B75-400B-B8CC-C396C90BBF8F}.Debug|Any CPU.Build.0 = Debug|Any CPU
		{F4E72BDD-9B75-400B-B8CC-C396C90BBF8F}.Release|Any CPU.ActiveCfg = Release|Any CPU
		{F4E72BDD-9B75-400B-B8CC-C396C90BBF8F}.Release|Any CPU.Build.0 = Release|Any CPU
		{16E9F1FC-4929-4A45-93C9-65A689135D4E}.Debug|Any CPU.ActiveCfg = Debug|Any CPU
		{16E9F1FC-4929-4A45-93C9-65A689135D4E}.Debug|Any CPU.Build.0 = Debug|Any CPU
		{16E9F1FC-4929-4A45-93C9-65A689135D4E}.Release|Any CPU.ActiveCfg = Release|Any CPU
		{16E9F1FC-4929-4A45-93C9-65A689135D4E}.Release|Any CPU.Build.0 = Release|Any CPU
		{E82BB394-5ECF-4F63-9EBD-DBC4A99834BA}.Debug|Any CPU.ActiveCfg = Debug|Any CPU
		{E82BB394-5ECF-4F63-9EBD-DBC4A99834BA}.Debug|Any CPU.Build.0 = Debug|Any CPU
		{E82BB394-5ECF-4F63-9EBD-DBC4A99834BA}.Release|Any CPU.ActiveCfg = Release|Any CPU
		{E82BB394-5ECF-4F63-9EBD-DBC4A99834BA}.Release|Any CPU.Build.0 = Release|Any CPU
		{4145E68E-F1EE-4C72-96C4-FABD2BE49D3A}.Debug|Any CPU.ActiveCfg = Debug|Any CPU
		{4145E68E-F1EE-4C72-96C4-FABD2BE49D3A}.Debug|Any CPU.Build.0 = Debug|Any CPU
		{4145E68E-F1EE-4C72-96C4-FABD2BE49D3A}.Release|Any CPU.ActiveCfg = Release|Any CPU
		{4145E68E-F1EE-4C72-96C4-FABD2BE49D3A}.Release|Any CPU.Build.0 = Release|Any CPU
		{A4870AD8-6E4E-45DF-9AE9-3760CB516A34}.Debug|Any CPU.ActiveCfg = Debug|Any CPU
		{A4870AD8-6E4E-45DF-9AE9-3760CB516A34}.Debug|Any CPU.Build.0 = Debug|Any CPU
		{A4870AD8-6E4E-45DF-9AE9-3760CB516A34}.Release|Any CPU.ActiveCfg = Release|Any CPU
		{A4870AD8-6E4E-45DF-9AE9-3760CB516A34}.Release|Any CPU.Build.0 = Release|Any CPU
		{CBE9AAAE-9A7A-4692-A3CF-51B3FD62E45C}.Debug|Any CPU.ActiveCfg = Debug|Any CPU
		{CBE9AAAE-9A7A-4692-A3CF-51B3FD62E45C}.Debug|Any CPU.Build.0 = Debug|Any CPU
		{CBE9AAAE-9A7A-4692-A3CF-51B3FD62E45C}.Release|Any CPU.ActiveCfg = Release|Any CPU
		{CBE9AAAE-9A7A-4692-A3CF-51B3FD62E45C}.Release|Any CPU.Build.0 = Release|Any CPU
		{043C2521-4EA9-4575-A69A-07B3379447F9}.Debug|Any CPU.ActiveCfg = Debug|Any CPU
		{043C2521-4EA9-4575-A69A-07B3379447F9}.Debug|Any CPU.Build.0 = Debug|Any CPU
		{043C2521-4EA9-4575-A69A-07B3379447F9}.Release|Any CPU.ActiveCfg = Release|Any CPU
		{043C2521-4EA9-4575-A69A-07B3379447F9}.Release|Any CPU.Build.0 = Release|Any CPU
		{012532F8-D067-4B60-9371-8AA9104CB6C3}.Debug|Any CPU.ActiveCfg = Debug|Any CPU
		{012532F8-D067-4B60-9371-8AA9104CB6C3}.Debug|Any CPU.Build.0 = Debug|Any CPU
		{012532F8-D067-4B60-9371-8AA9104CB6C3}.Release|Any CPU.ActiveCfg = Release|Any CPU
		{012532F8-D067-4B60-9371-8AA9104CB6C3}.Release|Any CPU.Build.0 = Release|Any CPU
	EndGlobalSection
	GlobalSection(SolutionProperties) = preSolution
		HideSolutionNode = FALSE
	EndGlobalSection
	GlobalSection(NestedProjects) = preSolution
		{8FF71C51-DD45-4900-9525-960088477EB7} = {B87D4645-2566-42F9-9A69-98FC4D8B6065}
		{C9189C6A-E9D7-481E-9CF0-E1FFAFB27F4A} = {B87D4645-2566-42F9-9A69-98FC4D8B6065}
		{846B98AB-FA13-4162-813C-861A6B787070} = {9ACE345F-035E-4412-AB38-DA771751F757}
		{C7AFF09C-2CA6-4A46-80CE-22CA25A3529D} = {9ACE345F-035E-4412-AB38-DA771751F757}
		{F33DB34A-5D94-451B-B1C7-FD1BB8ABB7F8} = {9ACE345F-035E-4412-AB38-DA771751F757}
		{B2BD7ECD-9EDA-488E-B92A-0BF5B78E9C25} = {9ACE345F-035E-4412-AB38-DA771751F757}
		{5607F306-7EE2-4E81-B634-BE757DA3B2C8} = {C3E8624B-2C43-4A1D-B924-0FA0B4D43527}
		{0AACA54D-C8D9-4C99-B368-C0F6DCE5238B} = {846B98AB-FA13-4162-813C-861A6B787070}
		{B5943B6E-82B1-4958-A6D0-7C357F1267E7} = {C7AFF09C-2CA6-4A46-80CE-22CA25A3529D}
		{C6EE541D-940E-4AD9-86BF-485503449718} = {F33DB34A-5D94-451B-B1C7-FD1BB8ABB7F8}
		{7ED275F9-5498-4149-ACAE-4E0570C4CF6F} = {F33DB34A-5D94-451B-B1C7-FD1BB8ABB7F8}
		{89575D99-7BC6-4D73-8317-384AF4ABBEE3} = {F33DB34A-5D94-451B-B1C7-FD1BB8ABB7F8}
		{6A1AA970-6D64-4F6E-BAAE-0E1C979D015D} = {B2BD7ECD-9EDA-488E-B92A-0BF5B78E9C25}
		{F614FF51-2B5A-4F1E-B484-829F0249A08B} = {B2BD7ECD-9EDA-488E-B92A-0BF5B78E9C25}
		{A4870AD8-6E4E-45DF-9AE9-3760CB516A34} = {B2BD7ECD-9EDA-488E-B92A-0BF5B78E9C25}
		{1223C3E0-63CA-4CD2-A4C9-13591E1982E5} = {C6EE541D-940E-4AD9-86BF-485503449718}
		{D33B9777-A8DF-46DB-AD24-E4967BDA280F} = {C6EE541D-940E-4AD9-86BF-485503449718}
		{781B2768-3335-4ECC-AFF2-BFDC5038BAE3} = {7ED275F9-5498-4149-ACAE-4E0570C4CF6F}
		{9E763BBD-2E43-4483-8E41-CF9A5213D767} = {7ED275F9-5498-4149-ACAE-4E0570C4CF6F}
		{21C5EEEE-6F18-411D-A15B-03A1DA220F45} = {89575D99-7BC6-4D73-8317-384AF4ABBEE3}
		{05504076-2ECF-4006-9990-37C3E7220F2F} = {89575D99-7BC6-4D73-8317-384AF4ABBEE3}
		{F4E72BDD-9B75-400B-B8CC-C396C90BBF8F} = {8FF71C51-DD45-4900-9525-960088477EB7}
		{16E9F1FC-4929-4A45-93C9-65A689135D4E} = {8FF71C51-DD45-4900-9525-960088477EB7}
		{E82BB394-5ECF-4F63-9EBD-DBC4A99834BA} = {C9189C6A-E9D7-481E-9CF0-E1FFAFB27F4A}
		{4145E68E-F1EE-4C72-96C4-FABD2BE49D3A} = {C9189C6A-E9D7-481E-9CF0-E1FFAFB27F4A}
		{043C2521-4EA9-4575-A69A-07B3379447F9} = {C9189C6A-E9D7-481E-9CF0-E1FFAFB27F4A}
		{CBE9AAAE-9A7A-4692-A3CF-51B3FD62E45C} = {301EF6A0-7BAB-45C2-925F-B7B0EC3A45B6}
		{012532F8-D067-4B60-9371-8AA9104CB6C3} = {301EF6A0-7BAB-45C2-925F-B7B0EC3A45B6}
	EndGlobalSection
EndGlobal
